
Microsoft Visual Studio Solution File, Format Version 12.00
# Visual Studio Version 17
VisualStudioVersion = 17.5.002.0
MinimumVisualStudioVersion = 10.0.40219.1
Project("{9A19103F-16F7-4668-BE54-9A1E7A4F7556}") = "edgeapp", "edgeapp.csproj", "{65965440-81E1-4987-82B0-93B6D743C45D}"
EndProject
Global
	GlobalSection(SolutionConfigurationPlatforms) = preSolution
		Debug|Any CPU = Debug|Any CPU
		Release|Any CPU = Release|Any CPU
	EndGlobalSection
	GlobalSection(ProjectConfigurationPlatforms) = postSolution
		{65965440-81E1-4987-82B0-93B6D743C45D}.Debug|Any CPU.ActiveCfg = Debug|Any CPU
		{65965440-81E1-4987-82B0-93B6D743C45D}.Debug|Any CPU.Build.0 = Debug|Any CPU
		{65965440-81E1-4987-82B0-93B6D743C45D}.Release|Any CPU.ActiveCfg = Release|Any CPU
		{65965440-81E1-4987-82B0-93B6D743C45D}.Release|Any CPU.Build.0 = Release|Any CPU
	EndGlobalSection
	GlobalSection(SolutionProperties) = preSolution
		HideSolutionNode = FALSE
	EndGlobalSection
	GlobalSection(ExtensibilityGlobals) = postSolution
		SolutionGuid = {1586018A-7E02-43AE-B155-F5D588D9FD3D}
	EndGlobalSection
EndGlobal
